// !$*UTF8*$!
{
	archiveVersion = 1;
	classes = {
	};
	objectVersion = 46;
	objects = {

/* Begin PBXBuildFile section */
		931A576B1BC6505400FF49C7 /* main.m in Sources */ = {isa = PBXBuildFile; fileRef = 931A576A1BC6505400FF49C7 /* main.m */; };
		931A576E1BC6505400FF49C7 /* AppDelegate.m in Sources */ = {isa = PBXBuildFile; fileRef = 931A576D1BC6505400FF49C7 /* AppDelegate.m */; };
		931A57711BC6505400FF49C7 /* ViewController.m in Sources */ = {isa = PBXBuildFile; fileRef = 931A57701BC6505400FF49C7 /* ViewController.m */; };
		931A57741BC6505400FF49C7 /* Main.storyboard in Resources */ = {isa = PBXBuildFile; fileRef = 931A57721BC6505400FF49C7 /* Main.storyboard */; };
		931A57761BC6505400FF49C7 /* Assets.xcassets in Resources */ = {isa = PBXBuildFile; fileRef = 931A57751BC6505400FF49C7 /* Assets.xcassets */; };
		931A57791BC6505400FF49C7 /* LaunchScreen.storyboard in Resources */ = {isa = PBXBuildFile; fileRef = 931A57771BC6505400FF49C7 /* LaunchScreen.storyboard */; };
		931A57841BC6505400FF49C7 /* WTiOSBasicKitTests.m in Sources */ = {isa = PBXBuildFile; fileRef = 931A57831BC6505400FF49C7 /* WTiOSBasicKitTests.m */; };
		931A578F1BC6505400FF49C7 /* WTiOSBasicKitUITests.m in Sources */ = {isa = PBXBuildFile; fileRef = 931A578E1BC6505400FF49C7 /* WTiOSBasicKitUITests.m */; };
/* End PBXBuildFile section */

/* Begin PBXContainerItemProxy section */
		931A57801BC6505400FF49C7 /* PBXContainerItemProxy */ = {
			isa = PBXContainerItemProxy;
			containerPortal = 931A575E1BC6505400FF49C7 /* Project object */;
			proxyType = 1;
			remoteGlobalIDString = 931A57651BC6505400FF49C7;
			remoteInfo = WTiOSBasicKit;
		};
		931A578B1BC6505400FF49C7 /* PBXContainerItemProxy */ = {
			isa = PBXContainerItemProxy;
			containerPortal = 931A575E1BC6505400FF49C7 /* Project object */;
			proxyType = 1;
			remoteGlobalIDString = 931A57651BC6505400FF49C7;
			remoteInfo = WTiOSBasicKit;
		};
/* End PBXContainerItemProxy section */

/* Begin PBXFileReference section */
		931A57661BC6505400FF49C7 /* WTiOSBasicKit.app */ = {isa = PBXFileReference; explicitFileType = wrapper.application; includeInIndex = 0; path = WTiOSBasicKit.app; sourceTree = BUILT_PRODUCTS_DIR; };
		931A576A1BC6505400FF49C7 /* main.m */ = {isa = PBXFileReference; lastKnownFileType = sourcecode.c.objc; path = main.m; sourceTree = "<group>"; };
		931A576C1BC6505400FF49C7 /* AppDelegate.h */ = {isa = PBXFileReference; lastKnownFileType = sourcecode.c.h; path = AppDelegate.h; sourceTree = "<group>"; };
		931A576D1BC6505400FF49C7 /* AppDelegate.m */ = {isa = PBXFileReference; lastKnownFileType = sourcecode.c.objc; path = AppDelegate.m; sourceTree = "<group>"; };
		931A576F1BC6505400FF49C7 /* ViewController.h */ = {isa = PBXFileReference; lastKnownFileType = sourcecode.c.h; path = ViewController.h; sourceTree = "<group>"; };
		931A57701BC6505400FF49C7 /* ViewController.m */ = {isa = PBXFileReference; lastKnownFileType = sourcecode.c.objc; path = ViewController.m; sourceTree = "<group>"; };
		931A57731BC6505400FF49C7 /* Base */ = {isa = PBXFileReference; lastKnownFileType = file.storyboard; name = Base; path = Base.lproj/Main.storyboard; sourceTree = "<group>"; };
		931A57751BC6505400FF49C7 /* Assets.xcassets */ = {isa = PBXFileReference; lastKnownFileType = folder.assetcatalog; path = Assets.xcassets; sourceTree = "<group>"; };
		931A57781BC6505400FF49C7 /* Base */ = {isa = PBXFileReference; lastKnownFileType = file.storyboard; name = Base; path = Base.lproj/LaunchScreen.storyboard; sourceTree = "<group>"; };
		931A577A1BC6505400FF49C7 /* Info.plist */ = {isa = PBXFileReference; lastKnownFileType = text.plist.xml; path = Info.plist; sourceTree = "<group>"; };
		931A577F1BC6505400FF49C7 /* WTiOSBasicKitTests.xctest */ = {isa = PBXFileReference; explicitFileType = wrapper.cfbundle; includeInIndex = 0; path = WTiOSBasicKitTests.xctest; sourceTree = BUILT_PRODUCTS_DIR; };
		931A57831BC6505400FF49C7 /* WTiOSBasicKitTests.m */ = {isa = PBXFileReference; lastKnownFileType = sourcecode.c.objc; path = WTiOSBasicKitTests.m; sourceTree = "<group>"; };
		931A57851BC6505400FF49C7 /* Info.plist */ = {isa = PBXFileReference; lastKnownFileType = text.plist.xml; path = Info.plist; sourceTree = "<group>"; };
		931A578A1BC6505400FF49C7 /* WTiOSBasicKitUITests.xctest */ = {isa = PBXFileReference; explicitFileType = wrapper.cfbundle; includeInIndex = 0; path = WTiOSBasicKitUITests.xctest; sourceTree = BUILT_PRODUCTS_DIR; };
		931A578E1BC6505400FF49C7 /* WTiOSBasicKitUITests.m */ = {isa = PBXFileReference; lastKnownFileType = sourcecode.c.objc; path = WTiOSBasicKitUITests.m; sourceTree = "<group>"; };
		931A57901BC6505400FF49C7 /* Info.plist */ = {isa = PBXFileReference; lastKnownFileType = text.plist.xml; path = Info.plist; sourceTree = "<group>"; };
/* End PBXFileReference section */

/* Begin PBXFrameworksBuildPhase section */
		931A57631BC6505400FF49C7 /* Frameworks */ = {
			isa = PBXFrameworksBuildPhase;
			buildActionMask = 2147483647;
			files = (
			);
			runOnlyForDeploymentPostprocessing = 0;
		};
		931A577C1BC6505400FF49C7 /* Frameworks */ = {
			isa = PBXFrameworksBuildPhase;
			buildActionMask = 2147483647;
			files = (
			);
			runOnlyForDeploymentPostprocessing = 0;
		};
		931A57871BC6505400FF49C7 /* Frameworks */ = {
			isa = PBXFrameworksBuildPhase;
			buildActionMask = 2147483647;
			files = (
			);
			runOnlyForDeploymentPostprocessing = 0;
		};
/* End PBXFrameworksBuildPhase section */

/* Begin PBXGroup section */
		931A575D1BC6505400FF49C7 = {
			isa = PBXGroup;
			children = (
				931A57681BC6505400FF49C7 /* WTiOSBasicKit */,
				931A57821BC6505400FF49C7 /* WTiOSBasicKitTests */,
				931A578D1BC6505400FF49C7 /* WTiOSBasicKitUITests */,
				931A57671BC6505400FF49C7 /* Products */,
			);
			sourceTree = "<group>";
		};
		931A57671BC6505400FF49C7 /* Products */ = {
			isa = PBXGroup;
			children = (
				931A57661BC6505400FF49C7 /* WTiOSBasicKit.app */,
				931A577F1BC6505400FF49C7 /* WTiOSBasicKitTests.xctest */,
				931A578A1BC6505400FF49C7 /* WTiOSBasicKitUITests.xctest */,
			);
			name = Products;
			sourceTree = "<group>";
		};
		931A57681BC6505400FF49C7 /* WTiOSBasicKit */ = {
			isa = PBXGroup;
			children = (
				931A576C1BC6505400FF49C7 /* AppDelegate.h */,
				931A576D1BC6505400FF49C7 /* AppDelegate.m */,
				931A576F1BC6505400FF49C7 /* ViewController.h */,
				931A57701BC6505400FF49C7 /* ViewController.m */,
				931A57721BC6505400FF49C7 /* Main.storyboard */,
				931A57751BC6505400FF49C7 /* Assets.xcassets */,
				931A57771BC6505400FF49C7 /* LaunchScreen.storyboard */,
				931A577A1BC6505400FF49C7 /* Info.plist */,
				931A57691BC6505400FF49C7 /* Supporting Files */,
			);
			path = WTiOSBasicKit;
			sourceTree = "<group>";
		};
		931A57691BC6505400FF49C7 /* Supporting Files */ = {
			isa = PBXGroup;
			children = (
				931A576A1BC6505400FF49C7 /* main.m */,
			);
			name = "Supporting Files";
			sourceTree = "<group>";
		};
		931A57821BC6505400FF49C7 /* WTiOSBasicKitTests */ = {
			isa = PBXGroup;
			children = (
				931A57831BC6505400FF49C7 /* WTiOSBasicKitTests.m */,
				931A57851BC6505400FF49C7 /* Info.plist */,
			);
			path = WTiOSBasicKitTests;
			sourceTree = "<group>";
		};
		931A578D1BC6505400FF49C7 /* WTiOSBasicKitUITests */ = {
			isa = PBXGroup;
			children = (
				931A578E1BC6505400FF49C7 /* WTiOSBasicKitUITests.m */,
				931A57901BC6505400FF49C7 /* Info.plist */,
			);
			path = WTiOSBasicKitUITests;
			sourceTree = "<group>";
		};
/* End PBXGroup section */

/* Begin PBXNativeTarget section */
		931A57651BC6505400FF49C7 /* WTiOSBasicKit */ = {
			isa = PBXNativeTarget;
			buildConfigurationList = 931A57931BC6505400FF49C7 /* Build configuration list for PBXNativeTarget "WTiOSBasicKit" */;
			buildPhases = (
				931A57621BC6505400FF49C7 /* Sources */,
				931A57631BC6505400FF49C7 /* Frameworks */,
				931A57641BC6505400FF49C7 /* Resources */,
			);
			buildRules = (
			);
			dependencies = (
			);
			name = WTiOSBasicKit;
			productName = WTiOSBasicKit;
			productReference = 931A57661BC6505400FF49C7 /* WTiOSBasicKit.app */;
			productType = "com.apple.product-type.application";
		};
		931A577E1BC6505400FF49C7 /* WTiOSBasicKitTests */ = {
			isa = PBXNativeTarget;
			buildConfigurationList = 931A57961BC6505400FF49C7 /* Build configuration list for PBXNativeTarget "WTiOSBasicKitTests" */;
			buildPhases = (
				931A577B1BC6505400FF49C7 /* Sources */,
				931A577C1BC6505400FF49C7 /* Frameworks */,
				931A577D1BC6505400FF49C7 /* Resources */,
			);
			buildRules = (
			);
			dependencies = (
				931A57811BC6505400FF49C7 /* PBXTargetDependency */,
			);
			name = WTiOSBasicKitTests;
			productName = WTiOSBasicKitTests;
			productReference = 931A577F1BC6505400FF49C7 /* WTiOSBasicKitTests.xctest */;
			productType = "com.apple.product-type.bundle.unit-test";
		};
		931A57891BC6505400FF49C7 /* WTiOSBasicKitUITests */ = {
			isa = PBXNativeTarget;
			buildConfigurationList = 931A57991BC6505400FF49C7 /* Build configuration list for PBXNativeTarget "WTiOSBasicKitUITests" */;
			buildPhases = (
				931A57861BC6505400FF49C7 /* Sources */,
				931A57871BC6505400FF49C7 /* Frameworks */,
				931A57881BC6505400FF49C7 /* Resources */,
			);
			buildRules = (
			);
			dependencies = (
				931A578C1BC6505400FF49C7 /* PBXTargetDependency */,
			);
			name = WTiOSBasicKitUITests;
			productName = WTiOSBasicKitUITests;
			productReference = 931A578A1BC6505400FF49C7 /* WTiOSBasicKitUITests.xctest */;
			productType = "com.apple.product-type.bundle.ui-testing";
		};
/* End PBXNativeTarget section */

/* Begin PBXProject section */
		931A575E1BC6505400FF49C7 /* Project object */ = {
			isa = PBXProject;
			attributes = {
				LastUpgradeCheck = 0700;
				ORGANIZATIONNAME = "王涛";
				TargetAttributes = {
					931A57651BC6505400FF49C7 = {
						CreatedOnToolsVersion = 7.0;
					};
					931A577E1BC6505400FF49C7 = {
						CreatedOnToolsVersion = 7.0;
						TestTargetID = 931A57651BC6505400FF49C7;
					};
					931A57891BC6505400FF49C7 = {
						CreatedOnToolsVersion = 7.0;
						TestTargetID = 931A57651BC6505400FF49C7;
					};
				};
			};
			buildConfigurationList = 931A57611BC6505400FF49C7 /* Build configuration list for PBXProject "WTiOSBasicKit" */;
			compatibilityVersion = "Xcode 3.2";
			developmentRegion = English;
			hasScannedForEncodings = 0;
			knownRegions = (
				en,
				Base,
			);
			mainGroup = 931A575D1BC6505400FF49C7;
			productRefGroup = 931A57671BC6505400FF49C7 /* Products */;
			projectDirPath = "";
			projectRoot = "";
			targets = (
				931A57651BC6505400FF49C7 /* WTiOSBasicKit */,
				931A577E1BC6505400FF49C7 /* WTiOSBasicKitTests */,
				931A57891BC6505400FF49C7 /* WTiOSBasicKitUITests */,
			);
		};
/* End PBXProject section */

/* Begin PBXResourcesBuildPhase section */
		931A57641BC6505400FF49C7 /* Resources */ = {
			isa = PBXResourcesBuildPhase;
			buildActionMask = 2147483647;
			files = (
				931A57791BC6505400FF49C7 /* LaunchScreen.storyboard in Resources */,
				931A57761BC6505400FF49C7 /* Assets.xcassets in Resources */,
				931A57741BC6505400FF49C7 /* Main.storyboard in Resources */,
			);
			runOnlyForDeploymentPostprocessing = 0;
		};
		931A577D1BC6505400FF49C7 /* Resources */ = {
			isa = PBXResourcesBuildPhase;
			buildActionMask = 2147483647;
			files = (
			);
			runOnlyForDeploymentPostprocessing = 0;
		};
		931A57881BC6505400FF49C7 /* Resources */ = {
			isa = PBXResourcesBuildPhase;
			buildActionMask = 2147483647;
			files = (
			);
			runOnlyForDeploymentPostprocessing = 0;
		};
/* End PBXResourcesBuildPhase section */

/* Begin PBXSourcesBuildPhase section */
		931A57621BC6505400FF49C7 /* Sources */ = {
			isa = PBXSourcesBuildPhase;
			buildActionMask = 2147483647;
			files = (
				931A57711BC6505400FF49C7 /* ViewController.m in Sources */,
				931A576E1BC6505400FF49C7 /* AppDelegate.m in Sources */,
				931A576B1BC6505400FF49C7 /* main.m in Sources */,
			);
			runOnlyForDeploymentPostprocessing = 0;
		};
		931A577B1BC6505400FF49C7 /* Sources */ = {
			isa = PBXSourcesBuildPhase;
			buildActionMask = 2147483647;
			files = (
				931A57841BC6505400FF49C7 /* WTiOSBasicKitTests.m in Sources */,
			);
			runOnlyForDeploymentPostprocessing = 0;
		};
		931A57861BC6505400FF49C7 /* Sources */ = {
			isa = PBXSourcesBuildPhase;
			buildActionMask = 2147483647;
			files = (
				931A578F1BC6505400FF49C7 /* WTiOSBasicKitUITests.m in Sources */,
			);
			runOnlyForDeploymentPostprocessing = 0;
		};
/* End PBXSourcesBuildPhase section */

/* Begin PBXTargetDependency section */
		931A57811BC6505400FF49C7 /* PBXTargetDependency */ = {
			isa = PBXTargetDependency;
			target = 931A57651BC6505400FF49C7 /* WTiOSBasicKit */;
			targetProxy = 931A57801BC6505400FF49C7 /* PBXContainerItemProxy */;
		};
		931A578C1BC6505400FF49C7 /* PBXTargetDependency */ = {
			isa = PBXTargetDependency;
			target = 931A57651BC6505400FF49C7 /* WTiOSBasicKit */;
			targetProxy = 931A578B1BC6505400FF49C7 /* PBXContainerItemProxy */;
		};
/* End PBXTargetDependency section */

/* Begin PBXVariantGroup section */
		931A57721BC6505400FF49C7 /* Main.storyboard */ = {
			isa = PBXVariantGroup;
			children = (
				931A57731BC6505400FF49C7 /* Base */,
			);
			name = Main.storyboard;
			sourceTree = "<group>";
		};
		931A57771BC6505400FF49C7 /* LaunchScreen.storyboard */ = {
			isa = PBXVariantGroup;
			children = (
				931A57781BC6505400FF49C7 /* Base */,
			);
			name = LaunchScreen.storyboard;
			sourceTree = "<group>";
		};
/* End PBXVariantGroup section */

/* Begin XCBuildConfiguration section */
		931A57911BC6505400FF49C7 /* Debug */ = {
			isa = XCBuildConfiguration;
			buildSettings = {
				ALWAYS_SEARCH_USER_PATHS = NO;
				CLANG_CXX_LANGUAGE_STANDARD = "gnu++0x";
				CLANG_CXX_LIBRARY = "libc++";
				CLANG_ENABLE_MODULES = YES;
				CLANG_ENABLE_OBJC_ARC = YES;
				CLANG_WARN_BOOL_CONVERSION = YES;
				CLANG_WARN_CONSTANT_CONVERSION = YES;
				CLANG_WARN_DIRECT_OBJC_ISA_USAGE = YES_ERROR;
				CLANG_WARN_EMPTY_BODY = YES;
				CLANG_WARN_ENUM_CONVERSION = YES;
				CLANG_WARN_INT_CONVERSION = YES;
				CLANG_WARN_OBJC_ROOT_CLASS = YES_ERROR;
				CLANG_WARN_UNREACHABLE_CODE = YES;
				CLANG_WARN__DUPLICATE_METHOD_MATCH = YES;
				"CODE_SIGN_IDENTITY[sdk=iphoneos*]" = "iPhone Developer";
				COPY_PHASE_STRIP = NO;
				DEBUG_INFORMATION_FORMAT = dwarf;
				ENABLE_STRICT_OBJC_MSGSEND = YES;
				ENABLE_TESTABILITY = YES;
				GCC_C_LANGUAGE_STANDARD = gnu99;
				GCC_DYNAMIC_NO_PIC = NO;
				GCC_NO_COMMON_BLOCKS = YES;
				GCC_OPTIMIZATION_LEVEL = 0;
				GCC_PREPROCESSOR_DEFINITIONS = (
					"DEBUG=1",
					"$(inherited)",
				);
				GCC_WARN_64_TO_32_BIT_CONVERSION = YES;
				GCC_WARN_ABOUT_RETURN_TYPE = YES_ERROR;
				GCC_WARN_UNDECLARED_SELECTOR = YES;
				GCC_WARN_UNINITIALIZED_AUTOS = YES_AGGRESSIVE;
				GCC_WARN_UNUSED_FUNCTION = YES;
				GCC_WARN_UNUSED_VARIABLE = YES;
				IPHONEOS_DEPLOYMENT_TARGET = 9.0;
				MTL_ENABLE_DEBUG_INFO = YES;
				ONLY_ACTIVE_ARCH = YES;
				SDKROOT = iphoneos;
			};
			name = Debug;
		};
		931A57921BC6505400FF49C7 /* Release */ = {
			isa = XCBuildConfiguration;
			buildSettings = {
				ALWAYS_SEARCH_USER_PATHS = NO;
				CLANG_CXX_LANGUAGE_STANDARD = "gnu++0x";
				CLANG_CXX_LIBRARY = "libc++";
				CLANG_ENABLE_MODULES = YES;
				CLANG_ENABLE_OBJC_ARC = YES;
				CLANG_WARN_BOOL_CONVERSION = YES;
				CLANG_WARN_CONSTANT_CONVERSION = YES;
				CLANG_WARN_DIRECT_OBJC_ISA_USAGE = YES_ERROR;
				CLANG_WARN_EMPTY_BODY = YES;
				CLANG_WARN_ENUM_CONVERSION = YES;
				CLANG_WARN_INT_CONVERSION = YES;
				CLANG_WARN_OBJC_ROOT_CLASS = YES_ERROR;
				CLANG_WARN_UNREACHABLE_CODE = YES;
				CLANG_WARN__DUPLICATE_METHOD_MATCH = YES;
				"CODE_SIGN_IDENTITY[sdk=iphoneos*]" = "iPhone Developer";
				COPY_PHASE_STRIP = NO;
				DEBUG_INFORMATION_FORMAT = "dwarf-with-dsym";
				ENABLE_NS_ASSERTIONS = NO;
				ENABLE_STRICT_OBJC_MSGSEND = YES;
				GCC_C_LANGUAGE_STANDARD = gnu99;
				GCC_NO_COMMON_BLOCKS = YES;
				GCC_WARN_64_TO_32_BIT_CONVERSION = YES;
				GCC_WARN_ABOUT_RETURN_TYPE = YES_ERROR;
				GCC_WARN_UNDECLARED_SELECTOR = YES;
				GCC_WARN_UNINITIALIZED_AUTOS = YES_AGGRESSIVE;
				GCC_WARN_UNUSED_FUNCTION = YES;
				GCC_WARN_UNUSED_VARIABLE = YES;
				IPHONEOS_DEPLOYMENT_TARGET = 9.0;
				MTL_ENABLE_DEBUG_INFO = NO;
				SDKROOT = iphoneos;
				VALIDATE_PRODUCT = YES;
			};
			name = Release;
		};
		931A57941BC6505400FF49C7 /* Debug */ = {
			isa = XCBuildConfiguration;
			buildSettings = {
				ASSETCATALOG_COMPILER_APPICON_NAME = AppIcon;
				INFOPLIST_FILE = WTiOSBasicKit/Info.plist;
				LD_RUNPATH_SEARCH_PATHS = "$(inherited) @executable_path/Frameworks";
				PRODUCT_BUNDLE_IDENTIFIER = com.qq.testPro.WTiOSBasicKit;
				PRODUCT_NAME = "$(TARGET_NAME)";
			};
			name = Debug;
		};
		931A57951BC6505400FF49C7 /* Release */ = {
			isa = XCBuildConfiguration;
			buildSettings = {
				ASSETCATALOG_COMPILER_APPICON_NAME = AppIcon;
				INFOPLIST_FILE = WTiOSBasicKit/Info.plist;
				LD_RUNPATH_SEARCH_PATHS = "$(inherited) @executable_path/Frameworks";
				PRODUCT_BUNDLE_IDENTIFIER = com.qq.testPro.WTiOSBasicKit;
				PRODUCT_NAME = "$(TARGET_NAME)";
			};
			name = Release;
		};
		931A57971BC6505400FF49C7 /* Debug */ = {
			isa = XCBuildConfiguration;
			buildSettings = {
				BUNDLE_LOADER = "$(TEST_HOST)";
				INFOPLIST_FILE = WTiOSBasicKitTests/Info.plist;
				LD_RUNPATH_SEARCH_PATHS = "$(inherited) @executable_path/Frameworks @loader_path/Frameworks";
				PRODUCT_BUNDLE_IDENTIFIER = com.qq.testPro.WTiOSBasicKitTests;
				PRODUCT_NAME = "$(TARGET_NAME)";
				TEST_HOST = "$(BUILT_PRODUCTS_DIR)/WTiOSBasicKit.app/WTiOSBasicKit";
			};
			name = Debug;
		};
		931A57981BC6505400FF49C7 /* Release */ = {
			isa = XCBuildConfiguration;
			buildSettings = {
				BUNDLE_LOADER = "$(TEST_HOST)";
				INFOPLIST_FILE = WTiOSBasicKitTests/Info.plist;
				LD_RUNPATH_SEARCH_PATHS = "$(inherited) @executable_path/Frameworks @loader_path/Frameworks";
				PRODUCT_BUNDLE_IDENTIFIER = com.qq.testPro.WTiOSBasicKitTests;
				PRODUCT_NAME = "$(TARGET_NAME)";
				TEST_HOST = "$(BUILT_PRODUCTS_DIR)/WTiOSBasicKit.app/WTiOSBasicKit";
			};
			name = Release;
		};
		931A579A1BC6505400FF49C7 /* Debug */ = {
			isa = XCBuildConfiguration;
			buildSettings = {
				INFOPLIST_FILE = WTiOSBasicKitUITests/Info.plist;
				LD_RUNPATH_SEARCH_PATHS = "$(inherited) @executable_path/Frameworks @loader_path/Frameworks";
				PRODUCT_BUNDLE_IDENTIFIER = com.qq.testPro.WTiOSBasicKitUITests;
				PRODUCT_NAME = "$(TARGET_NAME)";
				TEST_TARGET_NAME = WTiOSBasicKit;
				USES_XCTRUNNER = YES;
			};
			name = Debug;
		};
		931A579B1BC6505400FF49C7 /* Release */ = {
			isa = XCBuildConfiguration;
			buildSettings = {
				INFOPLIST_FILE = WTiOSBasicKitUITests/Info.plist;
				LD_RUNPATH_SEARCH_PATHS = "$(inherited) @executable_path/Frameworks @loader_path/Frameworks";
				PRODUCT_BUNDLE_IDENTIFIER = com.qq.testPro.WTiOSBasicKitUITests;
				PRODUCT_NAME = "$(TARGET_NAME)";
				TEST_TARGET_NAME = WTiOSBasicKit;
				USES_XCTRUNNER = YES;
			};
			name = Release;
		};
/* End XCBuildConfiguration section */

/* Begin XCConfigurationList section */
		931A57611BC6505400FF49C7 /* Build configuration list for PBXProject "WTiOSBasicKit" */ = {
			isa = XCConfigurationList;
			buildConfigurations = (
				931A57911BC6505400FF49C7 /* Debug */,
				931A57921BC6505400FF49C7 /* Release */,
			);
			defaultConfigurationIsVisible = 0;
			defaultConfigurationName = Release;
		};
		931A57931BC6505400FF49C7 /* Build configuration list for PBXNativeTarget "WTiOSBasicKit" */ = {
			isa = XCConfigurationList;
			buildConfigurations = (
				931A57941BC6505400FF49C7 /* Debug */,
				931A57951BC6505400FF49C7 /* Release */,
			);
			defaultConfigurationIsVisible = 0;
		};
		931A57961BC6505400FF49C7 /* Build configuration list for PBXNativeTarget "WTiOSBasicKitTests" */ = {
			isa = XCConfigurationList;
			buildConfigurations = (
				931A57971BC6505400FF49C7 /* Debug */,
				931A57981BC6505400FF49C7 /* Release */,
			);
			defaultConfigurationIsVisible = 0;
		};
		931A57991BC6505400FF49C7 /* Build configuration list for PBXNativeTarget "WTiOSBasicKitUITests" */ = {
			isa = XCConfigurationList;
			buildConfigurations = (
				931A579A1BC6505400FF49C7 /* Debug */,
				931A579B1BC6505400FF49C7 /* Release */,
			);
			defaultConfigurationIsVisible = 0;
		};
/* End XCConfigurationList section */
	};
	rootObject = 931A575E1BC6505400FF49C7 /* Project object */;
}
