// !$*UTF8*$!
{
	archiveVersion = 1;
	classes = {
	};
	objectVersion = 46;
	objects = {

/* Begin PBXBuildFile section */
		931A576B1BC6505400FF49C7 /* main.m in Sources */ = {isa = PBXBuildFile; fileRef = 931A576A1BC6505400FF49C7 /* main.m */; };
		931A576E1BC6505400FF49C7 /* AppDelegate.m in Sources */ = {isa = PBXBuildFile; fileRef = 931A576D1BC6505400FF49C7 /* AppDelegate.m */; };
		931A57711BC6505400FF49C7 /* ViewController.m in Sources */ = {isa = PBXBuildFile; fileRef = 931A57701BC6505400FF49C7 /* ViewController.m */; };
		931A57741BC6505400FF49C7 /* Main.storyboard in Resources */ = {isa = PBXBuildFile; fileRef = 931A57721BC6505400FF49C7 /* Main.storyboard */; };
		931A57761BC6505400FF49C7 /* Assets.xcassets in Resources */ = {isa = PBXBuildFile; fileRef = 931A57751BC6505400FF49C7 /* Assets.xcassets */; };
		931A57841BC6505400FF49C7 /* WTiOSBasicKitTests.m in Sources */ = {isa = PBXBuildFile; fileRef = 931A57831BC6505400FF49C7 /* WTiOSBasicKitTests.m */; };
		931A578F1BC6505400FF49C7 /* WTiOSBasicKitUITests.m in Sources */ = {isa = PBXBuildFile; fileRef = 931A578E1BC6505400FF49C7 /* WTiOSBasicKitUITests.m */; };
		931A583C1BC65F8D00FF49C7 /* UIImage+Blur.m in Sources */ = {isa = PBXBuildFile; fileRef = 931A58001BC65F8D00FF49C7 /* UIImage+Blur.m */; };
		931A583D1BC65F8D00FF49C7 /* UIImage+Utility.m in Sources */ = {isa = PBXBuildFile; fileRef = 931A58021BC65F8D00FF49C7 /* UIImage+Utility.m */; };
		931A583E1BC65F8D00FF49C7 /* NSString+App.m in Sources */ = {isa = PBXBuildFile; fileRef = 931A58051BC65F8D00FF49C7 /* NSString+App.m */; };
		931A583F1BC65F8D00FF49C7 /* NSString+Extension.m in Sources */ = {isa = PBXBuildFile; fileRef = 931A58071BC65F8D00FF49C7 /* NSString+Extension.m */; };
		931A58401BC65F8D00FF49C7 /* NSString+Size.m in Sources */ = {isa = PBXBuildFile; fileRef = 931A58091BC65F8D00FF49C7 /* NSString+Size.m */; };
		931A58411BC65F8D00FF49C7 /* NSArray+ObjectAtIndexWithBoundsCheck.m in Sources */ = {isa = PBXBuildFile; fileRef = 931A580C1BC65F8D00FF49C7 /* NSArray+ObjectAtIndexWithBoundsCheck.m */; };
		931A58421BC65F8D00FF49C7 /* NSArray+SafeValue.m in Sources */ = {isa = PBXBuildFile; fileRef = 931A580E1BC65F8D00FF49C7 /* NSArray+SafeValue.m */; };
		931A58431BC65F8D00FF49C7 /* NSDictionary+SafeValue.m in Sources */ = {isa = PBXBuildFile; fileRef = 931A58101BC65F8D00FF49C7 /* NSDictionary+SafeValue.m */; };
		931A58441BC65F8D00FF49C7 /* NSObject+SafeValueWithJSON.m in Sources */ = {isa = PBXBuildFile; fileRef = 931A58121BC65F8D00FF49C7 /* NSObject+SafeValueWithJSON.m */; };
		931A58451BC65F8D00FF49C7 /* UIView+Hierarchy.m in Sources */ = {isa = PBXBuildFile; fileRef = 931A58161BC65F8D00FF49C7 /* UIView+Hierarchy.m */; };
		931A58461BC65F8D00FF49C7 /* UIView+Frame.m in Sources */ = {isa = PBXBuildFile; fileRef = 931A58191BC65F8D00FF49C7 /* UIView+Frame.m */; };
		931A58471BC65F8D00FF49C7 /* NSData+EncDec.m in Sources */ = {isa = PBXBuildFile; fileRef = 931A581C1BC65F8D00FF49C7 /* NSData+EncDec.m */; };
		931A584A1BC65F8D00FF49C7 /* ColorPalette.xib in Resources */ = {isa = PBXBuildFile; fileRef = 931A58231BC65F8D00FF49C7 /* ColorPalette.xib */; };
		931A584B1BC65F8D00FF49C7 /* UIColor+theme.m in Sources */ = {isa = PBXBuildFile; fileRef = 931A58251BC65F8D00FF49C7 /* UIColor+theme.m */; };
		931A584C1BC65F8D00FF49C7 /* UIColor-Expanded.m in Sources */ = {isa = PBXBuildFile; fileRef = 931A58271BC65F8D00FF49C7 /* UIColor-Expanded.m */; settings = {COMPILER_FLAGS = "-fno-objc-arc"; }; };
		931A584D1BC65F8D00FF49C7 /* UITextField+ExtentRange.m in Sources */ = {isa = PBXBuildFile; fileRef = 931A582A1BC65F8D00FF49C7 /* UITextField+ExtentRange.m */; };
		931A584E1BC65F8D00FF49C7 /* NSObject+Property.m in Sources */ = {isa = PBXBuildFile; fileRef = 931A582F1BC65F8D00FF49C7 /* NSObject+Property.m */; };
		931A584F1BC65F8D00FF49C7 /* NSObject+Property_.m in Sources */ = {isa = PBXBuildFile; fileRef = 931A58311BC65F8D00FF49C7 /* NSObject+Property_.m */; };
		931A58501BC65F8D00FF49C7 /* NSArray+Extension.m in Sources */ = {isa = PBXBuildFile; fileRef = 931A58331BC65F8D00FF49C7 /* NSArray+Extension.m */; };
		931A58511BC65F8D00FF49C7 /* NSDictionary+Extension.m in Sources */ = {isa = PBXBuildFile; fileRef = 931A58351BC65F8D00FF49C7 /* NSDictionary+Extension.m */; };
		931A58521BC65F8D00FF49C7 /* NSMutableDictionary+Extension.m in Sources */ = {isa = PBXBuildFile; fileRef = 931A58371BC65F8D00FF49C7 /* NSMutableDictionary+Extension.m */; };
		931A58531BC65F8D00FF49C7 /* NSObject+Extension.m in Sources */ = {isa = PBXBuildFile; fileRef = 931A58391BC65F8D00FF49C7 /* NSObject+Extension.m */; };
		931A58541BC65F8D00FF49C7 /* README.MD in Sources */ = {isa = PBXBuildFile; fileRef = 931A583A1BC65F8D00FF49C7 /* README.MD */; };
		931A585A1BC660BF00FF49C7 /* ArchiveRecord.m in Sources */ = {isa = PBXBuildFile; fileRef = 931A58571BC660BF00FF49C7 /* ArchiveRecord.m */; };
		931A58641BC6616800FF49C7 /* QQingUtils.m in Sources */ = {isa = PBXBuildFile; fileRef = 931A585E1BC6616800FF49C7 /* QQingUtils.m */; };
		931A58651BC6616800FF49C7 /* UIDeviceUtil.m in Sources */ = {isa = PBXBuildFile; fileRef = 931A58601BC6616800FF49C7 /* UIDeviceUtil.m */; };
		931A58661BC6616800FF49C7 /* UIUtils.m in Sources */ = {isa = PBXBuildFile; fileRef = 931A58621BC6616800FF49C7 /* UIUtils.m */; };
		931A58761BC667E200FF49C7 /* TSMessage.m in Sources */ = {isa = PBXBuildFile; fileRef = 931A586C1BC667E200FF49C7 /* TSMessage.m */; };
		931A58771BC667E200FF49C7 /* HexColor.m in Sources */ = {isa = PBXBuildFile; fileRef = 931A58701BC667E200FF49C7 /* HexColor.m */; };
		931A58781BC667E200FF49C7 /* TSBlurView.m in Sources */ = {isa = PBXBuildFile; fileRef = 931A58731BC667E200FF49C7 /* TSBlurView.m */; };
		931A58791BC667E200FF49C7 /* TSMessageView.m in Sources */ = {isa = PBXBuildFile; fileRef = 931A58751BC667E200FF49C7 /* TSMessageView.m */; };
/* End PBXBuildFile section */

/* Begin PBXContainerItemProxy section */
		931A57801BC6505400FF49C7 /* PBXContainerItemProxy */ = {
			isa = PBXContainerItemProxy;
			containerPortal = 931A575E1BC6505400FF49C7 /* Project object */;
			proxyType = 1;
			remoteGlobalIDString = 931A57651BC6505400FF49C7;
			remoteInfo = WTiOSBasicKit;
		};
		931A578B1BC6505400FF49C7 /* PBXContainerItemProxy */ = {
			isa = PBXContainerItemProxy;
			containerPortal = 931A575E1BC6505400FF49C7 /* Project object */;
			proxyType = 1;
			remoteGlobalIDString = 931A57651BC6505400FF49C7;
			remoteInfo = WTiOSBasicKit;
		};
/* End PBXContainerItemProxy section */

/* Begin PBXFileReference section */
		931A57661BC6505400FF49C7 /* WTiOSBasicKit.app */ = {isa = PBXFileReference; explicitFileType = wrapper.application; includeInIndex = 0; path = WTiOSBasicKit.app; sourceTree = BUILT_PRODUCTS_DIR; };
		931A576A1BC6505400FF49C7 /* main.m */ = {isa = PBXFileReference; lastKnownFileType = sourcecode.c.objc; path = main.m; sourceTree = "<group>"; };
		931A576C1BC6505400FF49C7 /* AppDelegate.h */ = {isa = PBXFileReference; lastKnownFileType = sourcecode.c.h; path = AppDelegate.h; sourceTree = "<group>"; };
		931A576D1BC6505400FF49C7 /* AppDelegate.m */ = {isa = PBXFileReference; lastKnownFileType = sourcecode.c.objc; path = AppDelegate.m; sourceTree = "<group>"; };
		931A576F1BC6505400FF49C7 /* ViewController.h */ = {isa = PBXFileReference; lastKnownFileType = sourcecode.c.h; path = ViewController.h; sourceTree = "<group>"; };
		931A57701BC6505400FF49C7 /* ViewController.m */ = {isa = PBXFileReference; lastKnownFileType = sourcecode.c.objc; path = ViewController.m; sourceTree = "<group>"; };
		931A57731BC6505400FF49C7 /* Base */ = {isa = PBXFileReference; lastKnownFileType = file.storyboard; name = Base; path = Base.lproj/Main.storyboard; sourceTree = "<group>"; };
		931A57751BC6505400FF49C7 /* Assets.xcassets */ = {isa = PBXFileReference; lastKnownFileType = folder.assetcatalog; path = Assets.xcassets; sourceTree = "<group>"; };
		931A577A1BC6505400FF49C7 /* Info.plist */ = {isa = PBXFileReference; lastKnownFileType = text.plist.xml; path = Info.plist; sourceTree = "<group>"; };
		931A577F1BC6505400FF49C7 /* WTiOSBasicKitTests.xctest */ = {isa = PBXFileReference; explicitFileType = wrapper.cfbundle; includeInIndex = 0; path = WTiOSBasicKitTests.xctest; sourceTree = BUILT_PRODUCTS_DIR; };
		931A57831BC6505400FF49C7 /* WTiOSBasicKitTests.m */ = {isa = PBXFileReference; lastKnownFileType = sourcecode.c.objc; path = WTiOSBasicKitTests.m; sourceTree = "<group>"; };
		931A57851BC6505400FF49C7 /* Info.plist */ = {isa = PBXFileReference; lastKnownFileType = text.plist.xml; path = Info.plist; sourceTree = "<group>"; };
		931A578A1BC6505400FF49C7 /* WTiOSBasicKitUITests.xctest */ = {isa = PBXFileReference; explicitFileType = wrapper.cfbundle; includeInIndex = 0; path = WTiOSBasicKitUITests.xctest; sourceTree = BUILT_PRODUCTS_DIR; };
		931A578E1BC6505400FF49C7 /* WTiOSBasicKitUITests.m */ = {isa = PBXFileReference; lastKnownFileType = sourcecode.c.objc; path = WTiOSBasicKitUITests.m; sourceTree = "<group>"; };
		931A57901BC6505400FF49C7 /* Info.plist */ = {isa = PBXFileReference; lastKnownFileType = text.plist.xml; path = Info.plist; sourceTree = "<group>"; };
		931A57F81BC65B7600FF49C7 /* PrefixHeader.pch */ = {isa = PBXFileReference; lastKnownFileType = sourcecode.c.h; path = PrefixHeader.pch; sourceTree = "<group>"; };
		931A57F91BC65BB000FF49C7 /* CommonHeader.h */ = {isa = PBXFileReference; lastKnownFileType = sourcecode.c.h; path = CommonHeader.h; sourceTree = "<group>"; };
		931A57FF1BC65F8D00FF49C7 /* UIImage+Blur.h */ = {isa = PBXFileReference; fileEncoding = 4; lastKnownFileType = sourcecode.c.h; path = "UIImage+Blur.h"; sourceTree = "<group>"; };
		931A58001BC65F8D00FF49C7 /* UIImage+Blur.m */ = {isa = PBXFileReference; fileEncoding = 4; lastKnownFileType = sourcecode.c.objc; path = "UIImage+Blur.m"; sourceTree = "<group>"; };
		931A58011BC65F8D00FF49C7 /* UIImage+Utility.h */ = {isa = PBXFileReference; fileEncoding = 4; lastKnownFileType = sourcecode.c.h; path = "UIImage+Utility.h"; sourceTree = "<group>"; };
		931A58021BC65F8D00FF49C7 /* UIImage+Utility.m */ = {isa = PBXFileReference; fileEncoding = 4; lastKnownFileType = sourcecode.c.objc; path = "UIImage+Utility.m"; sourceTree = "<group>"; };
		931A58041BC65F8D00FF49C7 /* NSString+App.h */ = {isa = PBXFileReference; fileEncoding = 4; lastKnownFileType = sourcecode.c.h; path = "NSString+App.h"; sourceTree = "<group>"; };
		931A58051BC65F8D00FF49C7 /* NSString+App.m */ = {isa = PBXFileReference; fileEncoding = 4; lastKnownFileType = sourcecode.c.objc; path = "NSString+App.m"; sourceTree = "<group>"; };
		931A58061BC65F8D00FF49C7 /* NSString+Extension.h */ = {isa = PBXFileReference; fileEncoding = 4; lastKnownFileType = sourcecode.c.h; path = "NSString+Extension.h"; sourceTree = "<group>"; };
		931A58071BC65F8D00FF49C7 /* NSString+Extension.m */ = {isa = PBXFileReference; fileEncoding = 4; lastKnownFileType = sourcecode.c.objc; path = "NSString+Extension.m"; sourceTree = "<group>"; };
		931A58081BC65F8D00FF49C7 /* NSString+Size.h */ = {isa = PBXFileReference; fileEncoding = 4; lastKnownFileType = sourcecode.c.h; path = "NSString+Size.h"; sourceTree = "<group>"; };
		931A58091BC65F8D00FF49C7 /* NSString+Size.m */ = {isa = PBXFileReference; fileEncoding = 4; lastKnownFileType = sourcecode.c.objc; path = "NSString+Size.m"; sourceTree = "<group>"; };
		931A580B1BC65F8D00FF49C7 /* NSArray+ObjectAtIndexWithBoundsCheck.h */ = {isa = PBXFileReference; fileEncoding = 4; lastKnownFileType = sourcecode.c.h; path = "NSArray+ObjectAtIndexWithBoundsCheck.h"; sourceTree = "<group>"; };
		931A580C1BC65F8D00FF49C7 /* NSArray+ObjectAtIndexWithBoundsCheck.m */ = {isa = PBXFileReference; fileEncoding = 4; lastKnownFileType = sourcecode.c.objc; path = "NSArray+ObjectAtIndexWithBoundsCheck.m"; sourceTree = "<group>"; };
		931A580D1BC65F8D00FF49C7 /* NSArray+SafeValue.h */ = {isa = PBXFileReference; fileEncoding = 4; lastKnownFileType = sourcecode.c.h; path = "NSArray+SafeValue.h"; sourceTree = "<group>"; };
		931A580E1BC65F8D00FF49C7 /* NSArray+SafeValue.m */ = {isa = PBXFileReference; fileEncoding = 4; lastKnownFileType = sourcecode.c.objc; path = "NSArray+SafeValue.m"; sourceTree = "<group>"; };
		931A580F1BC65F8D00FF49C7 /* NSDictionary+SafeValue.h */ = {isa = PBXFileReference; fileEncoding = 4; lastKnownFileType = sourcecode.c.h; path = "NSDictionary+SafeValue.h"; sourceTree = "<group>"; };
		931A58101BC65F8D00FF49C7 /* NSDictionary+SafeValue.m */ = {isa = PBXFileReference; fileEncoding = 4; lastKnownFileType = sourcecode.c.objc; path = "NSDictionary+SafeValue.m"; sourceTree = "<group>"; };
		931A58111BC65F8D00FF49C7 /* NSObject+SafeValueWithJSON.h */ = {isa = PBXFileReference; fileEncoding = 4; lastKnownFileType = sourcecode.c.h; path = "NSObject+SafeValueWithJSON.h"; sourceTree = "<group>"; };
		931A58121BC65F8D00FF49C7 /* NSObject+SafeValueWithJSON.m */ = {isa = PBXFileReference; fileEncoding = 4; lastKnownFileType = sourcecode.c.objc; path = "NSObject+SafeValueWithJSON.m"; sourceTree = "<group>"; };
		931A58131BC65F8D00FF49C7 /* QQObjectSafe.h */ = {isa = PBXFileReference; fileEncoding = 4; lastKnownFileType = sourcecode.c.h; path = QQObjectSafe.h; sourceTree = "<group>"; };
		931A58151BC65F8D00FF49C7 /* UIView+Hierarchy.h */ = {isa = PBXFileReference; fileEncoding = 4; lastKnownFileType = sourcecode.c.h; path = "UIView+Hierarchy.h"; sourceTree = "<group>"; };
		931A58161BC65F8D00FF49C7 /* UIView+Hierarchy.m */ = {isa = PBXFileReference; fileEncoding = 4; lastKnownFileType = sourcecode.c.objc; path = "UIView+Hierarchy.m"; sourceTree = "<group>"; };
		931A58181BC65F8D00FF49C7 /* UIView+Frame.h */ = {isa = PBXFileReference; fileEncoding = 4; lastKnownFileType = sourcecode.c.h; path = "UIView+Frame.h"; sourceTree = "<group>"; };
		931A58191BC65F8D00FF49C7 /* UIView+Frame.m */ = {isa = PBXFileReference; fileEncoding = 4; lastKnownFileType = sourcecode.c.objc; path = "UIView+Frame.m"; sourceTree = "<group>"; };
		931A581B1BC65F8D00FF49C7 /* NSData+EncDec.h */ = {isa = PBXFileReference; fileEncoding = 4; lastKnownFileType = sourcecode.c.h; path = "NSData+EncDec.h"; sourceTree = "<group>"; };
		931A581C1BC65F8D00FF49C7 /* NSData+EncDec.m */ = {isa = PBXFileReference; fileEncoding = 4; lastKnownFileType = sourcecode.c.objc; path = "NSData+EncDec.m"; sourceTree = "<group>"; };
		931A58231BC65F8D00FF49C7 /* ColorPalette.xib */ = {isa = PBXFileReference; fileEncoding = 4; lastKnownFileType = file.xib; path = ColorPalette.xib; sourceTree = "<group>"; };
		931A58241BC65F8D00FF49C7 /* UIColor+theme.h */ = {isa = PBXFileReference; fileEncoding = 4; lastKnownFileType = sourcecode.c.h; path = "UIColor+theme.h"; sourceTree = "<group>"; };
		931A58251BC65F8D00FF49C7 /* UIColor+theme.m */ = {isa = PBXFileReference; fileEncoding = 4; lastKnownFileType = sourcecode.c.objc; path = "UIColor+theme.m"; sourceTree = "<group>"; };
		931A58261BC65F8D00FF49C7 /* UIColor-Expanded.h */ = {isa = PBXFileReference; fileEncoding = 4; lastKnownFileType = sourcecode.c.h; path = "UIColor-Expanded.h"; sourceTree = "<group>"; };
		931A58271BC65F8D00FF49C7 /* UIColor-Expanded.m */ = {isa = PBXFileReference; fileEncoding = 4; lastKnownFileType = sourcecode.c.objc; path = "UIColor-Expanded.m"; sourceTree = "<group>"; };
		931A58291BC65F8D00FF49C7 /* UITextField+ExtentRange.h */ = {isa = PBXFileReference; fileEncoding = 4; lastKnownFileType = sourcecode.c.h; path = "UITextField+ExtentRange.h"; sourceTree = "<group>"; };
		931A582A1BC65F8D00FF49C7 /* UITextField+ExtentRange.m */ = {isa = PBXFileReference; fileEncoding = 4; lastKnownFileType = sourcecode.c.objc; path = "UITextField+ExtentRange.m"; sourceTree = "<group>"; };
		931A582C1BC65F8D00FF49C7 /* Foundation_.h */ = {isa = PBXFileReference; fileEncoding = 4; lastKnownFileType = sourcecode.c.h; path = Foundation_.h; sourceTree = "<group>"; };
		931A582E1BC65F8D00FF49C7 /* NSObject+Property.h */ = {isa = PBXFileReference; fileEncoding = 4; lastKnownFileType = sourcecode.c.h; path = "NSObject+Property.h"; sourceTree = "<group>"; };
		931A582F1BC65F8D00FF49C7 /* NSObject+Property.m */ = {isa = PBXFileReference; fileEncoding = 4; lastKnownFileType = sourcecode.c.objc; path = "NSObject+Property.m"; sourceTree = "<group>"; };
		931A58301BC65F8D00FF49C7 /* NSObject+Property_.h */ = {isa = PBXFileReference; fileEncoding = 4; lastKnownFileType = sourcecode.c.h; path = "NSObject+Property_.h"; sourceTree = "<group>"; };
		931A58311BC65F8D00FF49C7 /* NSObject+Property_.m */ = {isa = PBXFileReference; fileEncoding = 4; lastKnownFileType = sourcecode.c.objc; path = "NSObject+Property_.m"; sourceTree = "<group>"; };
		931A58321BC65F8D00FF49C7 /* NSArray+Extension.h */ = {isa = PBXFileReference; fileEncoding = 4; lastKnownFileType = sourcecode.c.h; path = "NSArray+Extension.h"; sourceTree = "<group>"; };
		931A58331BC65F8D00FF49C7 /* NSArray+Extension.m */ = {isa = PBXFileReference; fileEncoding = 4; lastKnownFileType = sourcecode.c.objc; path = "NSArray+Extension.m"; sourceTree = "<group>"; };
		931A58341BC65F8D00FF49C7 /* NSDictionary+Extension.h */ = {isa = PBXFileReference; fileEncoding = 4; lastKnownFileType = sourcecode.c.h; path = "NSDictionary+Extension.h"; sourceTree = "<group>"; };
		931A58351BC65F8D00FF49C7 /* NSDictionary+Extension.m */ = {isa = PBXFileReference; fileEncoding = 4; lastKnownFileType = sourcecode.c.objc; path = "NSDictionary+Extension.m"; sourceTree = "<group>"; };
		931A58361BC65F8D00FF49C7 /* NSMutableDictionary+Extension.h */ = {isa = PBXFileReference; fileEncoding = 4; lastKnownFileType = sourcecode.c.h; path = "NSMutableDictionary+Extension.h"; sourceTree = "<group>"; };
		931A58371BC65F8D00FF49C7 /* NSMutableDictionary+Extension.m */ = {isa = PBXFileReference; fileEncoding = 4; lastKnownFileType = sourcecode.c.objc; path = "NSMutableDictionary+Extension.m"; sourceTree = "<group>"; };
		931A58381BC65F8D00FF49C7 /* NSObject+Extension.h */ = {isa = PBXFileReference; fileEncoding = 4; lastKnownFileType = sourcecode.c.h; path = "NSObject+Extension.h"; sourceTree = "<group>"; };
		931A58391BC65F8D00FF49C7 /* NSObject+Extension.m */ = {isa = PBXFileReference; fileEncoding = 4; lastKnownFileType = sourcecode.c.objc; path = "NSObject+Extension.m"; sourceTree = "<group>"; };
		931A583A1BC65F8D00FF49C7 /* README.MD */ = {isa = PBXFileReference; fileEncoding = 4; lastKnownFileType = net.daringfireball.markdown; path = README.MD; sourceTree = "<group>"; };
		931A58561BC660BF00FF49C7 /* ArchiveRecord.h */ = {isa = PBXFileReference; fileEncoding = 4; lastKnownFileType = sourcecode.c.h; path = ArchiveRecord.h; sourceTree = "<group>"; };
		931A58571BC660BF00FF49C7 /* ArchiveRecord.m */ = {isa = PBXFileReference; fileEncoding = 4; lastKnownFileType = sourcecode.c.objc; path = ArchiveRecord.m; sourceTree = "<group>"; };
		931A585D1BC6616800FF49C7 /* QQingUtils.h */ = {isa = PBXFileReference; fileEncoding = 4; lastKnownFileType = sourcecode.c.h; path = QQingUtils.h; sourceTree = "<group>"; };
		931A585E1BC6616800FF49C7 /* QQingUtils.m */ = {isa = PBXFileReference; fileEncoding = 4; lastKnownFileType = sourcecode.c.objc; path = QQingUtils.m; sourceTree = "<group>"; };
		931A585F1BC6616800FF49C7 /* UIDeviceUtil.h */ = {isa = PBXFileReference; fileEncoding = 4; lastKnownFileType = sourcecode.c.h; path = UIDeviceUtil.h; sourceTree = "<group>"; };
		931A58601BC6616800FF49C7 /* UIDeviceUtil.m */ = {isa = PBXFileReference; fileEncoding = 4; lastKnownFileType = sourcecode.c.objc; path = UIDeviceUtil.m; sourceTree = "<group>"; };
		931A58611BC6616800FF49C7 /* UIUtils.h */ = {isa = PBXFileReference; fileEncoding = 4; lastKnownFileType = sourcecode.c.h; path = UIUtils.h; sourceTree = "<group>"; };
		931A58621BC6616800FF49C7 /* UIUtils.m */ = {isa = PBXFileReference; fileEncoding = 4; lastKnownFileType = sourcecode.c.objc; path = UIUtils.m; sourceTree = "<group>"; };
		931A58631BC6616800FF49C7 /* Utility.h */ = {isa = PBXFileReference; fileEncoding = 4; lastKnownFileType = sourcecode.c.h; path = Utility.h; sourceTree = "<group>"; };
		931A58671BC6666A00FF49C7 /* macrodef.h */ = {isa = PBXFileReference; lastKnownFileType = sourcecode.c.h; path = macrodef.h; sourceTree = "<group>"; };
		931A586B1BC667E200FF49C7 /* TSMessage.h */ = {isa = PBXFileReference; fileEncoding = 4; lastKnownFileType = sourcecode.c.h; path = TSMessage.h; sourceTree = "<group>"; };
		931A586C1BC667E200FF49C7 /* TSMessage.m */ = {isa = PBXFileReference; fileEncoding = 4; lastKnownFileType = sourcecode.c.objc; path = TSMessage.m; sourceTree = "<group>"; };
		931A586F1BC667E200FF49C7 /* HexColor.h */ = {isa = PBXFileReference; fileEncoding = 4; lastKnownFileType = sourcecode.c.h; path = HexColor.h; sourceTree = "<group>"; };
		931A58701BC667E200FF49C7 /* HexColor.m */ = {isa = PBXFileReference; fileEncoding = 4; lastKnownFileType = sourcecode.c.objc; path = HexColor.m; sourceTree = "<group>"; };
		931A58721BC667E200FF49C7 /* TSBlurView.h */ = {isa = PBXFileReference; fileEncoding = 4; lastKnownFileType = sourcecode.c.h; path = TSBlurView.h; sourceTree = "<group>"; };
		931A58731BC667E200FF49C7 /* TSBlurView.m */ = {isa = PBXFileReference; fileEncoding = 4; lastKnownFileType = sourcecode.c.objc; path = TSBlurView.m; sourceTree = "<group>"; };
		931A58741BC667E200FF49C7 /* TSMessageView.h */ = {isa = PBXFileReference; fileEncoding = 4; lastKnownFileType = sourcecode.c.h; path = TSMessageView.h; sourceTree = "<group>"; };
		931A58751BC667E200FF49C7 /* TSMessageView.m */ = {isa = PBXFileReference; fileEncoding = 4; lastKnownFileType = sourcecode.c.objc; path = TSMessageView.m; sourceTree = "<group>"; };
		931A587A1BC6689800FF49C7 /* typedef.h */ = {isa = PBXFileReference; lastKnownFileType = sourcecode.c.h; path = typedef.h; sourceTree = "<group>"; };
/* End PBXFileReference section */

/* Begin PBXFrameworksBuildPhase section */
		931A57631BC6505400FF49C7 /* Frameworks */ = {
			isa = PBXFrameworksBuildPhase;
			buildActionMask = 2147483647;
			files = (
			);
			runOnlyForDeploymentPostprocessing = 0;
		};
		931A577C1BC6505400FF49C7 /* Frameworks */ = {
			isa = PBXFrameworksBuildPhase;
			buildActionMask = 2147483647;
			files = (
			);
			runOnlyForDeploymentPostprocessing = 0;
		};
		931A57871BC6505400FF49C7 /* Frameworks */ = {
			isa = PBXFrameworksBuildPhase;
			buildActionMask = 2147483647;
			files = (
			);
			runOnlyForDeploymentPostprocessing = 0;
		};
/* End PBXFrameworksBuildPhase section */

/* Begin PBXGroup section */
		931A575D1BC6505400FF49C7 = {
			isa = PBXGroup;
			children = (
				931A58681BC667E200FF49C7 /* Vendor */,
				931A585C1BC6616800FF49C7 /* Utilities */,
				931A58551BC660BF00FF49C7 /* Storage */,
				931A57FA1BC65F8D00FF49C7 /* Categories */,
				931A582B1BC65F8D00FF49C7 /* Foundation */,
				931A57681BC6505400FF49C7 /* WTiOSBasicKit */,
				931A57821BC6505400FF49C7 /* WTiOSBasicKitTests */,
				931A578D1BC6505400FF49C7 /* WTiOSBasicKitUITests */,
				931A57671BC6505400FF49C7 /* Products */,
			);
			sourceTree = "<group>";
		};
		931A57671BC6505400FF49C7 /* Products */ = {
			isa = PBXGroup;
			children = (
				931A57661BC6505400FF49C7 /* WTiOSBasicKit.app */,
				931A577F1BC6505400FF49C7 /* WTiOSBasicKitTests.xctest */,
				931A578A1BC6505400FF49C7 /* WTiOSBasicKitUITests.xctest */,
			);
			name = Products;
			sourceTree = "<group>";
		};
		931A57681BC6505400FF49C7 /* WTiOSBasicKit */ = {
			isa = PBXGroup;
			children = (
				931A576C1BC6505400FF49C7 /* AppDelegate.h */,
				931A576D1BC6505400FF49C7 /* AppDelegate.m */,
				931A576F1BC6505400FF49C7 /* ViewController.h */,
				931A57701BC6505400FF49C7 /* ViewController.m */,
				931A57721BC6505400FF49C7 /* Main.storyboard */,
				931A57751BC6505400FF49C7 /* Assets.xcassets */,
				931A577A1BC6505400FF49C7 /* Info.plist */,
				931A57691BC6505400FF49C7 /* Supporting Files */,
			);
			path = WTiOSBasicKit;
			sourceTree = "<group>";
		};
		931A57691BC6505400FF49C7 /* Supporting Files */ = {
			isa = PBXGroup;
			children = (
				931A576A1BC6505400FF49C7 /* main.m */,
				931A587A1BC6689800FF49C7 /* typedef.h */,
				931A58671BC6666A00FF49C7 /* macrodef.h */,
				931A57F91BC65BB000FF49C7 /* CommonHeader.h */,
				931A57F81BC65B7600FF49C7 /* PrefixHeader.pch */,
			);
			name = "Supporting Files";
			sourceTree = "<group>";
		};
		931A57821BC6505400FF49C7 /* WTiOSBasicKitTests */ = {
			isa = PBXGroup;
			children = (
				931A57831BC6505400FF49C7 /* WTiOSBasicKitTests.m */,
				931A57851BC6505400FF49C7 /* Info.plist */,
			);
			path = WTiOSBasicKitTests;
			sourceTree = "<group>";
		};
		931A578D1BC6505400FF49C7 /* WTiOSBasicKitUITests */ = {
			isa = PBXGroup;
			children = (
				931A578E1BC6505400FF49C7 /* WTiOSBasicKitUITests.m */,
				931A57901BC6505400FF49C7 /* Info.plist */,
			);
			path = WTiOSBasicKitUITests;
			sourceTree = "<group>";
		};
		931A57FA1BC65F8D00FF49C7 /* Categories */ = {
			isa = PBXGroup;
			children = (
				931A57FE1BC65F8D00FF49C7 /* 图片相关 */,
				931A58031BC65F8D00FF49C7 /* 字符串 */,
				931A580A1BC65F8D00FF49C7 /* 安全检查 */,
				931A58141BC65F8D00FF49C7 /* 布局层次 */,
				931A58171BC65F8D00FF49C7 /* 布局计算 */,
				931A581A1BC65F8D00FF49C7 /* 数据编码 */,
				931A58221BC65F8D00FF49C7 /* 调色板 */,
				931A58281BC65F8D00FF49C7 /* 输入控件 */,
			);
			name = Categories;
			path = ../Categories;
			sourceTree = "<group>";
		};
		931A57FE1BC65F8D00FF49C7 /* 图片相关 */ = {
			isa = PBXGroup;
			children = (
				931A57FF1BC65F8D00FF49C7 /* UIImage+Blur.h */,
				931A58001BC65F8D00FF49C7 /* UIImage+Blur.m */,
				931A58011BC65F8D00FF49C7 /* UIImage+Utility.h */,
				931A58021BC65F8D00FF49C7 /* UIImage+Utility.m */,
			);
			path = "图片相关";
			sourceTree = "<group>";
		};
		931A58031BC65F8D00FF49C7 /* 字符串 */ = {
			isa = PBXGroup;
			children = (
				931A58041BC65F8D00FF49C7 /* NSString+App.h */,
				931A58051BC65F8D00FF49C7 /* NSString+App.m */,
				931A58061BC65F8D00FF49C7 /* NSString+Extension.h */,
				931A58071BC65F8D00FF49C7 /* NSString+Extension.m */,
				931A58081BC65F8D00FF49C7 /* NSString+Size.h */,
				931A58091BC65F8D00FF49C7 /* NSString+Size.m */,
			);
			path = "字符串";
			sourceTree = "<group>";
		};
		931A580A1BC65F8D00FF49C7 /* 安全检查 */ = {
			isa = PBXGroup;
			children = (
				931A580B1BC65F8D00FF49C7 /* NSArray+ObjectAtIndexWithBoundsCheck.h */,
				931A580C1BC65F8D00FF49C7 /* NSArray+ObjectAtIndexWithBoundsCheck.m */,
				931A580D1BC65F8D00FF49C7 /* NSArray+SafeValue.h */,
				931A580E1BC65F8D00FF49C7 /* NSArray+SafeValue.m */,
				931A580F1BC65F8D00FF49C7 /* NSDictionary+SafeValue.h */,
				931A58101BC65F8D00FF49C7 /* NSDictionary+SafeValue.m */,
				931A58111BC65F8D00FF49C7 /* NSObject+SafeValueWithJSON.h */,
				931A58121BC65F8D00FF49C7 /* NSObject+SafeValueWithJSON.m */,
				931A58131BC65F8D00FF49C7 /* QQObjectSafe.h */,
			);
			path = "安全检查";
			sourceTree = "<group>";
		};
		931A58141BC65F8D00FF49C7 /* 布局层次 */ = {
			isa = PBXGroup;
			children = (
				931A58151BC65F8D00FF49C7 /* UIView+Hierarchy.h */,
				931A58161BC65F8D00FF49C7 /* UIView+Hierarchy.m */,
			);
			path = "布局层次";
			sourceTree = "<group>";
		};
		931A58171BC65F8D00FF49C7 /* 布局计算 */ = {
			isa = PBXGroup;
			children = (
				931A58181BC65F8D00FF49C7 /* UIView+Frame.h */,
				931A58191BC65F8D00FF49C7 /* UIView+Frame.m */,
			);
			path = "布局计算";
			sourceTree = "<group>";
		};
		931A581A1BC65F8D00FF49C7 /* 数据编码 */ = {
			isa = PBXGroup;
			children = (
				931A581B1BC65F8D00FF49C7 /* NSData+EncDec.h */,
				931A581C1BC65F8D00FF49C7 /* NSData+EncDec.m */,
			);
			path = "数据编码";
			sourceTree = "<group>";
		};
		931A58221BC65F8D00FF49C7 /* 调色板 */ = {
			isa = PBXGroup;
			children = (
				931A58231BC65F8D00FF49C7 /* ColorPalette.xib */,
				931A58241BC65F8D00FF49C7 /* UIColor+theme.h */,
				931A58251BC65F8D00FF49C7 /* UIColor+theme.m */,
				931A58261BC65F8D00FF49C7 /* UIColor-Expanded.h */,
				931A58271BC65F8D00FF49C7 /* UIColor-Expanded.m */,
			);
			path = "调色板";
			sourceTree = "<group>";
		};
		931A58281BC65F8D00FF49C7 /* 输入控件 */ = {
			isa = PBXGroup;
			children = (
				931A58291BC65F8D00FF49C7 /* UITextField+ExtentRange.h */,
				931A582A1BC65F8D00FF49C7 /* UITextField+ExtentRange.m */,
			);
			path = "输入控件";
			sourceTree = "<group>";
		};
		931A582B1BC65F8D00FF49C7 /* Foundation */ = {
			isa = PBXGroup;
			children = (
				931A582C1BC65F8D00FF49C7 /* Foundation_.h */,
				931A582D1BC65F8D00FF49C7 /* Modules */,
				931A58321BC65F8D00FF49C7 /* NSArray+Extension.h */,
				931A58331BC65F8D00FF49C7 /* NSArray+Extension.m */,
				931A58341BC65F8D00FF49C7 /* NSDictionary+Extension.h */,
				931A58351BC65F8D00FF49C7 /* NSDictionary+Extension.m */,
				931A58361BC65F8D00FF49C7 /* NSMutableDictionary+Extension.h */,
				931A58371BC65F8D00FF49C7 /* NSMutableDictionary+Extension.m */,
				931A58381BC65F8D00FF49C7 /* NSObject+Extension.h */,
				931A58391BC65F8D00FF49C7 /* NSObject+Extension.m */,
				931A583A1BC65F8D00FF49C7 /* README.MD */,
			);
			name = Foundation;
			path = ../Foundation;
			sourceTree = "<group>";
		};
		931A582D1BC65F8D00FF49C7 /* Modules */ = {
			isa = PBXGroup;
			children = (
				931A582E1BC65F8D00FF49C7 /* NSObject+Property.h */,
				931A582F1BC65F8D00FF49C7 /* NSObject+Property.m */,
				931A58301BC65F8D00FF49C7 /* NSObject+Property_.h */,
				931A58311BC65F8D00FF49C7 /* NSObject+Property_.m */,
			);
			path = Modules;
			sourceTree = "<group>";
		};
		931A58551BC660BF00FF49C7 /* Storage */ = {
			isa = PBXGroup;
			children = (
				931A58561BC660BF00FF49C7 /* ArchiveRecord.h */,
				931A58571BC660BF00FF49C7 /* ArchiveRecord.m */,
			);
			name = Storage;
			path = ../Storage;
			sourceTree = "<group>";
		};
		931A585C1BC6616800FF49C7 /* Utilities */ = {
			isa = PBXGroup;
			children = (
				931A585D1BC6616800FF49C7 /* QQingUtils.h */,
				931A585E1BC6616800FF49C7 /* QQingUtils.m */,
				931A585F1BC6616800FF49C7 /* UIDeviceUtil.h */,
				931A58601BC6616800FF49C7 /* UIDeviceUtil.m */,
				931A58611BC6616800FF49C7 /* UIUtils.h */,
				931A58621BC6616800FF49C7 /* UIUtils.m */,
				931A58631BC6616800FF49C7 /* Utility.h */,
			);
			name = Utilities;
			path = ../Utilities;
			sourceTree = "<group>";
		};
		931A58681BC667E200FF49C7 /* Vendor */ = {
			isa = PBXGroup;
			children = (
				931A58691BC667E200FF49C7 /* TSMessages */,
			);
			name = Vendor;
			path = ../Vendor;
			sourceTree = "<group>";
		};
		931A58691BC667E200FF49C7 /* TSMessages */ = {
			isa = PBXGroup;
			children = (
				931A586A1BC667E200FF49C7 /* Classes */,
				931A586D1BC667E200FF49C7 /* HexColors */,
				931A58711BC667E200FF49C7 /* Views */,
			);
			path = TSMessages;
			sourceTree = "<group>";
		};
		931A586A1BC667E200FF49C7 /* Classes */ = {
			isa = PBXGroup;
			children = (
				931A586B1BC667E200FF49C7 /* TSMessage.h */,
				931A586C1BC667E200FF49C7 /* TSMessage.m */,
			);
			path = Classes;
			sourceTree = "<group>";
		};
		931A586D1BC667E200FF49C7 /* HexColors */ = {
			isa = PBXGroup;
			children = (
				931A586E1BC667E200FF49C7 /* Classes */,
			);
			path = HexColors;
			sourceTree = "<group>";
		};
		931A586E1BC667E200FF49C7 /* Classes */ = {
			isa = PBXGroup;
			children = (
				931A586F1BC667E200FF49C7 /* HexColor.h */,
				931A58701BC667E200FF49C7 /* HexColor.m */,
			);
			path = Classes;
			sourceTree = "<group>";
		};
		931A58711BC667E200FF49C7 /* Views */ = {
			isa = PBXGroup;
			children = (
				931A58721BC667E200FF49C7 /* TSBlurView.h */,
				931A58731BC667E200FF49C7 /* TSBlurView.m */,
				931A58741BC667E200FF49C7 /* TSMessageView.h */,
				931A58751BC667E200FF49C7 /* TSMessageView.m */,
			);
			path = Views;
			sourceTree = "<group>";
		};
/* End PBXGroup section */

/* Begin PBXNativeTarget section */
		931A57651BC6505400FF49C7 /* WTiOSBasicKit */ = {
			isa = PBXNativeTarget;
			buildConfigurationList = 931A57931BC6505400FF49C7 /* Build configuration list for PBXNativeTarget "WTiOSBasicKit" */;
			buildPhases = (
				931A57621BC6505400FF49C7 /* Sources */,
				931A57631BC6505400FF49C7 /* Frameworks */,
				931A57641BC6505400FF49C7 /* Resources */,
			);
			buildRules = (
			);
			dependencies = (
			);
			name = WTiOSBasicKit;
			productName = WTiOSBasicKit;
			productReference = 931A57661BC6505400FF49C7 /* WTiOSBasicKit.app */;
			productType = "com.apple.product-type.application";
		};
		931A577E1BC6505400FF49C7 /* WTiOSBasicKitTests */ = {
			isa = PBXNativeTarget;
			buildConfigurationList = 931A57961BC6505400FF49C7 /* Build configuration list for PBXNativeTarget "WTiOSBasicKitTests" */;
			buildPhases = (
				931A577B1BC6505400FF49C7 /* Sources */,
				931A577C1BC6505400FF49C7 /* Frameworks */,
				931A577D1BC6505400FF49C7 /* Resources */,
			);
			buildRules = (
			);
			dependencies = (
				931A57811BC6505400FF49C7 /* PBXTargetDependency */,
			);
			name = WTiOSBasicKitTests;
			productName = WTiOSBasicKitTests;
			productReference = 931A577F1BC6505400FF49C7 /* WTiOSBasicKitTests.xctest */;
			productType = "com.apple.product-type.bundle.unit-test";
		};
		931A57891BC6505400FF49C7 /* WTiOSBasicKitUITests */ = {
			isa = PBXNativeTarget;
			buildConfigurationList = 931A57991BC6505400FF49C7 /* Build configuration list for PBXNativeTarget "WTiOSBasicKitUITests" */;
			buildPhases = (
				931A57861BC6505400FF49C7 /* Sources */,
				931A57871BC6505400FF49C7 /* Frameworks */,
				931A57881BC6505400FF49C7 /* Resources */,
			);
			buildRules = (
			);
			dependencies = (
				931A578C1BC6505400FF49C7 /* PBXTargetDependency */,
			);
			name = WTiOSBasicKitUITests;
			productName = WTiOSBasicKitUITests;
			productReference = 931A578A1BC6505400FF49C7 /* WTiOSBasicKitUITests.xctest */;
			productType = "com.apple.product-type.bundle.ui-testing";
		};
/* End PBXNativeTarget section */

/* Begin PBXProject section */
		931A575E1BC6505400FF49C7 /* Project object */ = {
			isa = PBXProject;
			attributes = {
				LastUpgradeCheck = 0700;
				ORGANIZATIONNAME = "王涛";
				TargetAttributes = {
					931A57651BC6505400FF49C7 = {
						CreatedOnToolsVersion = 7.0;
					};
					931A577E1BC6505400FF49C7 = {
						CreatedOnToolsVersion = 7.0;
						TestTargetID = 931A57651BC6505400FF49C7;
					};
					931A57891BC6505400FF49C7 = {
						CreatedOnToolsVersion = 7.0;
						TestTargetID = 931A57651BC6505400FF49C7;
					};
				};
			};
			buildConfigurationList = 931A57611BC6505400FF49C7 /* Build configuration list for PBXProject "WTiOSBasicKit" */;
			compatibilityVersion = "Xcode 3.2";
			developmentRegion = English;
			hasScannedForEncodings = 0;
			knownRegions = (
				en,
				Base,
			);
			mainGroup = 931A575D1BC6505400FF49C7;
			productRefGroup = 931A57671BC6505400FF49C7 /* Products */;
			projectDirPath = "";
			projectRoot = "";
			targets = (
				931A57651BC6505400FF49C7 /* WTiOSBasicKit */,
				931A577E1BC6505400FF49C7 /* WTiOSBasicKitTests */,
				931A57891BC6505400FF49C7 /* WTiOSBasicKitUITests */,
			);
		};
/* End PBXProject section */

/* Begin PBXResourcesBuildPhase section */
		931A57641BC6505400FF49C7 /* Resources */ = {
			isa = PBXResourcesBuildPhase;
			buildActionMask = 2147483647;
			files = (
				931A57761BC6505400FF49C7 /* Assets.xcassets in Resources */,
				931A57741BC6505400FF49C7 /* Main.storyboard in Resources */,
				931A584A1BC65F8D00FF49C7 /* ColorPalette.xib in Resources */,
			);
			runOnlyForDeploymentPostprocessing = 0;
		};
		931A577D1BC6505400FF49C7 /* Resources */ = {
			isa = PBXResourcesBuildPhase;
			buildActionMask = 2147483647;
			files = (
			);
			runOnlyForDeploymentPostprocessing = 0;
		};
		931A57881BC6505400FF49C7 /* Resources */ = {
			isa = PBXResourcesBuildPhase;
			buildActionMask = 2147483647;
			files = (
			);
			runOnlyForDeploymentPostprocessing = 0;
		};
/* End PBXResourcesBuildPhase section */

/* Begin PBXSourcesBuildPhase section */
		931A57621BC6505400FF49C7 /* Sources */ = {
			isa = PBXSourcesBuildPhase;
			buildActionMask = 2147483647;
			files = (
				931A58511BC65F8D00FF49C7 /* NSDictionary+Extension.m in Sources */,
				931A58441BC65F8D00FF49C7 /* NSObject+SafeValueWithJSON.m in Sources */,
				931A57711BC6505400FF49C7 /* ViewController.m in Sources */,
				931A58661BC6616800FF49C7 /* UIUtils.m in Sources */,
				931A58471BC65F8D00FF49C7 /* NSData+EncDec.m in Sources */,
				931A585A1BC660BF00FF49C7 /* ArchiveRecord.m in Sources */,
				931A576E1BC6505400FF49C7 /* AppDelegate.m in Sources */,
				931A58461BC65F8D00FF49C7 /* UIView+Frame.m in Sources */,
				931A583C1BC65F8D00FF49C7 /* UIImage+Blur.m in Sources */,
				931A58501BC65F8D00FF49C7 /* NSArray+Extension.m in Sources */,
				931A576B1BC6505400FF49C7 /* main.m in Sources */,
				931A58401BC65F8D00FF49C7 /* NSString+Size.m in Sources */,
				931A58641BC6616800FF49C7 /* QQingUtils.m in Sources */,
				931A584B1BC65F8D00FF49C7 /* UIColor+theme.m in Sources */,
				931A58421BC65F8D00FF49C7 /* NSArray+SafeValue.m in Sources */,
				931A58651BC6616800FF49C7 /* UIDeviceUtil.m in Sources */,
				931A583D1BC65F8D00FF49C7 /* UIImage+Utility.m in Sources */,
				931A58761BC667E200FF49C7 /* TSMessage.m in Sources */,
				931A58451BC65F8D00FF49C7 /* UIView+Hierarchy.m in Sources */,
				931A58771BC667E200FF49C7 /* HexColor.m in Sources */,
				931A584F1BC65F8D00FF49C7 /* NSObject+Property_.m in Sources */,
				931A583E1BC65F8D00FF49C7 /* NSString+App.m in Sources */,
				931A58541BC65F8D00FF49C7 /* README.MD in Sources */,
				931A58431BC65F8D00FF49C7 /* NSDictionary+SafeValue.m in Sources */,
				931A584E1BC65F8D00FF49C7 /* NSObject+Property.m in Sources */,
				931A58531BC65F8D00FF49C7 /* NSObject+Extension.m in Sources */,
				931A584D1BC65F8D00FF49C7 /* UITextField+ExtentRange.m in Sources */,
				931A58521BC65F8D00FF49C7 /* NSMutableDictionary+Extension.m in Sources */,
				931A584C1BC65F8D00FF49C7 /* UIColor-Expanded.m in Sources */,
				931A583F1BC65F8D00FF49C7 /* NSString+Extension.m in Sources */,
				931A58781BC667E200FF49C7 /* TSBlurView.m in Sources */,
				931A58411BC65F8D00FF49C7 /* NSArray+ObjectAtIndexWithBoundsCheck.m in Sources */,
				931A58791BC667E200FF49C7 /* TSMessageView.m in Sources */,
			);
			runOnlyForDeploymentPostprocessing = 0;
		};
		931A577B1BC6505400FF49C7 /* Sources */ = {
			isa = PBXSourcesBuildPhase;
			buildActionMask = 2147483647;
			files = (
				931A57841BC6505400FF49C7 /* WTiOSBasicKitTests.m in Sources */,
			);
			runOnlyForDeploymentPostprocessing = 0;
		};
		931A57861BC6505400FF49C7 /* Sources */ = {
			isa = PBXSourcesBuildPhase;
			buildActionMask = 2147483647;
			files = (
				931A578F1BC6505400FF49C7 /* WTiOSBasicKitUITests.m in Sources */,
			);
			runOnlyForDeploymentPostprocessing = 0;
		};
/* End PBXSourcesBuildPhase section */

/* Begin PBXTargetDependency section */
		931A57811BC6505400FF49C7 /* PBXTargetDependency */ = {
			isa = PBXTargetDependency;
			target = 931A57651BC6505400FF49C7 /* WTiOSBasicKit */;
			targetProxy = 931A57801BC6505400FF49C7 /* PBXContainerItemProxy */;
		};
		931A578C1BC6505400FF49C7 /* PBXTargetDependency */ = {
			isa = PBXTargetDependency;
			target = 931A57651BC6505400FF49C7 /* WTiOSBasicKit */;
			targetProxy = 931A578B1BC6505400FF49C7 /* PBXContainerItemProxy */;
		};
/* End PBXTargetDependency section */

/* Begin PBXVariantGroup section */
		931A57721BC6505400FF49C7 /* Main.storyboard */ = {
			isa = PBXVariantGroup;
			children = (
				931A57731BC6505400FF49C7 /* Base */,
			);
			name = Main.storyboard;
			sourceTree = "<group>";
		};
/* End PBXVariantGroup section */

/* Begin XCBuildConfiguration section */
		931A57911BC6505400FF49C7 /* Debug */ = {
			isa = XCBuildConfiguration;
			buildSettings = {
				ALWAYS_SEARCH_USER_PATHS = NO;
				CLANG_CXX_LANGUAGE_STANDARD = "gnu++0x";
				CLANG_CXX_LIBRARY = "libc++";
				CLANG_ENABLE_MODULES = YES;
				CLANG_ENABLE_OBJC_ARC = YES;
				CLANG_WARN_BOOL_CONVERSION = YES;
				CLANG_WARN_CONSTANT_CONVERSION = YES;
				CLANG_WARN_DIRECT_OBJC_ISA_USAGE = YES_ERROR;
				CLANG_WARN_EMPTY_BODY = YES;
				CLANG_WARN_ENUM_CONVERSION = YES;
				CLANG_WARN_INT_CONVERSION = YES;
				CLANG_WARN_OBJC_ROOT_CLASS = YES_ERROR;
				CLANG_WARN_UNREACHABLE_CODE = YES;
				CLANG_WARN__DUPLICATE_METHOD_MATCH = YES;
				"CODE_SIGN_IDENTITY[sdk=iphoneos*]" = "iPhone Developer";
				COPY_PHASE_STRIP = NO;
				DEBUG_INFORMATION_FORMAT = dwarf;
				ENABLE_STRICT_OBJC_MSGSEND = YES;
				ENABLE_TESTABILITY = YES;
				GCC_C_LANGUAGE_STANDARD = gnu99;
				GCC_DYNAMIC_NO_PIC = NO;
				GCC_NO_COMMON_BLOCKS = YES;
				GCC_OPTIMIZATION_LEVEL = 0;
				GCC_PREPROCESSOR_DEFINITIONS = (
					"DEBUG=1",
					"$(inherited)",
				);
				GCC_WARN_64_TO_32_BIT_CONVERSION = YES;
				GCC_WARN_ABOUT_RETURN_TYPE = YES_ERROR;
				GCC_WARN_UNDECLARED_SELECTOR = YES;
				GCC_WARN_UNINITIALIZED_AUTOS = YES_AGGRESSIVE;
				GCC_WARN_UNUSED_FUNCTION = YES;
				GCC_WARN_UNUSED_VARIABLE = YES;
				IPHONEOS_DEPLOYMENT_TARGET = 7.0;
				MTL_ENABLE_DEBUG_INFO = YES;
				ONLY_ACTIVE_ARCH = YES;
				SDKROOT = iphoneos;
			};
			name = Debug;
		};
		931A57921BC6505400FF49C7 /* Release */ = {
			isa = XCBuildConfiguration;
			buildSettings = {
				ALWAYS_SEARCH_USER_PATHS = NO;
				CLANG_CXX_LANGUAGE_STANDARD = "gnu++0x";
				CLANG_CXX_LIBRARY = "libc++";
				CLANG_ENABLE_MODULES = YES;
				CLANG_ENABLE_OBJC_ARC = YES;
				CLANG_WARN_BOOL_CONVERSION = YES;
				CLANG_WARN_CONSTANT_CONVERSION = YES;
				CLANG_WARN_DIRECT_OBJC_ISA_USAGE = YES_ERROR;
				CLANG_WARN_EMPTY_BODY = YES;
				CLANG_WARN_ENUM_CONVERSION = YES;
				CLANG_WARN_INT_CONVERSION = YES;
				CLANG_WARN_OBJC_ROOT_CLASS = YES_ERROR;
				CLANG_WARN_UNREACHABLE_CODE = YES;
				CLANG_WARN__DUPLICATE_METHOD_MATCH = YES;
				"CODE_SIGN_IDENTITY[sdk=iphoneos*]" = "iPhone Developer";
				COPY_PHASE_STRIP = NO;
				DEBUG_INFORMATION_FORMAT = "dwarf-with-dsym";
				ENABLE_NS_ASSERTIONS = NO;
				ENABLE_STRICT_OBJC_MSGSEND = YES;
				GCC_C_LANGUAGE_STANDARD = gnu99;
				GCC_NO_COMMON_BLOCKS = YES;
				GCC_WARN_64_TO_32_BIT_CONVERSION = YES;
				GCC_WARN_ABOUT_RETURN_TYPE = YES_ERROR;
				GCC_WARN_UNDECLARED_SELECTOR = YES;
				GCC_WARN_UNINITIALIZED_AUTOS = YES_AGGRESSIVE;
				GCC_WARN_UNUSED_FUNCTION = YES;
				GCC_WARN_UNUSED_VARIABLE = YES;
				IPHONEOS_DEPLOYMENT_TARGET = 7.0;
				MTL_ENABLE_DEBUG_INFO = NO;
				SDKROOT = iphoneos;
				VALIDATE_PRODUCT = YES;
			};
			name = Release;
		};
		931A57941BC6505400FF49C7 /* Debug */ = {
			isa = XCBuildConfiguration;
			buildSettings = {
				ASSETCATALOG_COMPILER_APPICON_NAME = AppIcon;
				GCC_PRECOMPILE_PREFIX_HEADER = YES;
				GCC_PREFIX_HEADER = "$(SRCROOT)/WTiOSBasicKit/PrefixHeader.pch";
				INFOPLIST_FILE = WTiOSBasicKit/Info.plist;
				IPHONEOS_DEPLOYMENT_TARGET = 7.0;
				LD_RUNPATH_SEARCH_PATHS = "$(inherited) @executable_path/Frameworks";
				PRODUCT_BUNDLE_IDENTIFIER = com.qq.testPro.WTiOSBasicKit;
				PRODUCT_NAME = "$(TARGET_NAME)";
			};
			name = Debug;
		};
		931A57951BC6505400FF49C7 /* Release */ = {
			isa = XCBuildConfiguration;
			buildSettings = {
				ASSETCATALOG_COMPILER_APPICON_NAME = AppIcon;
				GCC_PRECOMPILE_PREFIX_HEADER = YES;
				GCC_PREFIX_HEADER = "$(SRCROOT)/WTiOSBasicKit/PrefixHeader.pch";
				INFOPLIST_FILE = WTiOSBasicKit/Info.plist;
				IPHONEOS_DEPLOYMENT_TARGET = 7.0;
				LD_RUNPATH_SEARCH_PATHS = "$(inherited) @executable_path/Frameworks";
				PRODUCT_BUNDLE_IDENTIFIER = com.qq.testPro.WTiOSBasicKit;
				PRODUCT_NAME = "$(TARGET_NAME)";
			};
			name = Release;
		};
		931A57971BC6505400FF49C7 /* Debug */ = {
			isa = XCBuildConfiguration;
			buildSettings = {
				BUNDLE_LOADER = "$(TEST_HOST)";
				INFOPLIST_FILE = WTiOSBasicKitTests/Info.plist;
				LD_RUNPATH_SEARCH_PATHS = "$(inherited) @executable_path/Frameworks @loader_path/Frameworks";
				PRODUCT_BUNDLE_IDENTIFIER = com.qq.testPro.WTiOSBasicKitTests;
				PRODUCT_NAME = "$(TARGET_NAME)";
				TEST_HOST = "$(BUILT_PRODUCTS_DIR)/WTiOSBasicKit.app/WTiOSBasicKit";
			};
			name = Debug;
		};
		931A57981BC6505400FF49C7 /* Release */ = {
			isa = XCBuildConfiguration;
			buildSettings = {
				BUNDLE_LOADER = "$(TEST_HOST)";
				INFOPLIST_FILE = WTiOSBasicKitTests/Info.plist;
				LD_RUNPATH_SEARCH_PATHS = "$(inherited) @executable_path/Frameworks @loader_path/Frameworks";
				PRODUCT_BUNDLE_IDENTIFIER = com.qq.testPro.WTiOSBasicKitTests;
				PRODUCT_NAME = "$(TARGET_NAME)";
				TEST_HOST = "$(BUILT_PRODUCTS_DIR)/WTiOSBasicKit.app/WTiOSBasicKit";
			};
			name = Release;
		};
		931A579A1BC6505400FF49C7 /* Debug */ = {
			isa = XCBuildConfiguration;
			buildSettings = {
				INFOPLIST_FILE = WTiOSBasicKitUITests/Info.plist;
				LD_RUNPATH_SEARCH_PATHS = "$(inherited) @executable_path/Frameworks @loader_path/Frameworks";
				ONLY_ACTIVE_ARCH = NO;
				PRODUCT_BUNDLE_IDENTIFIER = com.qq.testPro.WTiOSBasicKitUITests;
				PRODUCT_NAME = "$(TARGET_NAME)";
				TEST_TARGET_NAME = WTiOSBasicKit;
				USES_XCTRUNNER = YES;
			};
			name = Debug;
		};
		931A579B1BC6505400FF49C7 /* Release */ = {
			isa = XCBuildConfiguration;
			buildSettings = {
				INFOPLIST_FILE = WTiOSBasicKitUITests/Info.plist;
				LD_RUNPATH_SEARCH_PATHS = "$(inherited) @executable_path/Frameworks @loader_path/Frameworks";
				PRODUCT_BUNDLE_IDENTIFIER = com.qq.testPro.WTiOSBasicKitUITests;
				PRODUCT_NAME = "$(TARGET_NAME)";
				TEST_TARGET_NAME = WTiOSBasicKit;
				USES_XCTRUNNER = YES;
			};
			name = Release;
		};
/* End XCBuildConfiguration section */

/* Begin XCConfigurationList section */
		931A57611BC6505400FF49C7 /* Build configuration list for PBXProject "WTiOSBasicKit" */ = {
			isa = XCConfigurationList;
			buildConfigurations = (
				931A57911BC6505400FF49C7 /* Debug */,
				931A57921BC6505400FF49C7 /* Release */,
			);
			defaultConfigurationIsVisible = 0;
			defaultConfigurationName = Release;
		};
		931A57931BC6505400FF49C7 /* Build configuration list for PBXNativeTarget "WTiOSBasicKit" */ = {
			isa = XCConfigurationList;
			buildConfigurations = (
				931A57941BC6505400FF49C7 /* Debug */,
				931A57951BC6505400FF49C7 /* Release */,
			);
			defaultConfigurationIsVisible = 0;
			defaultConfigurationName = Release;
		};
		931A57961BC6505400FF49C7 /* Build configuration list for PBXNativeTarget "WTiOSBasicKitTests" */ = {
			isa = XCConfigurationList;
			buildConfigurations = (
				931A57971BC6505400FF49C7 /* Debug */,
				931A57981BC6505400FF49C7 /* Release */,
			);
			defaultConfigurationIsVisible = 0;
			defaultConfigurationName = Release;
		};
		931A57991BC6505400FF49C7 /* Build configuration list for PBXNativeTarget "WTiOSBasicKitUITests" */ = {
			isa = XCConfigurationList;
			buildConfigurations = (
				931A579A1BC6505400FF49C7 /* Debug */,
				931A579B1BC6505400FF49C7 /* Release */,
			);
			defaultConfigurationIsVisible = 0;
			defaultConfigurationName = Release;
		};
/* End XCConfigurationList section */
	};
	rootObject = 931A575E1BC6505400FF49C7 /* Project object */;
}
